
Microsoft Visual Studio Solution File, Format Version 11.00
# Visual Studio 2010
Project("{FAE04EC0-301F-11D3-BF4B-00C04F79EFBC}") = "Assembly-CSharp", "Assembly-CSharp.csproj", "{C4E24F1F-772F-79DA-2E0B-7F04CBFA5F12}"
EndProject
Global
	GlobalSection(SolutionConfigurationPlatforms) = preSolution
		Debug|Any CPU = Debug|Any CPU
		Release|Any CPU = Release|Any CPU
	EndGlobalSection
	GlobalSection(ProjectConfigurationPlatforms) = postSolution
		{C4E24F1F-772F-79DA-2E0B-7F04CBFA5F12}.Debug|Any CPU.ActiveCfg = Debug|Any CPU
		{C4E24F1F-772F-79DA-2E0B-7F04CBFA5F12}.Debug|Any CPU.Build.0 = Debug|Any CPU
		{C4E24F1F-772F-79DA-2E0B-7F04CBFA5F12}.Release|Any CPU.ActiveCfg = Release|Any CPU
		{C4E24F1F-772F-79DA-2E0B-7F04CBFA5F12}.Release|Any CPU.Build.0 = Release|Any CPU
	EndGlobalSection
	GlobalSection(SolutionProperties) = preSolution
		HideSolutionNode = FALSE
	EndGlobalSection
EndGlobal
